
Microsoft Visual Studio Solution File, Format Version 12.00
# Visual Studio 15
VisualStudioVersion = 15.0.27703.2047
MinimumVisualStudioVersion = 10.0.40219.1
Project("{FAE04EC0-301F-11D3-BF4B-00C04F79EFBC}") = "dueDateCalculator_HoborMihaly", "dueDateCalculator_HoborMihaly\dueDateCalculator_HoborMihaly.csproj", "{A65621F4-3572-4A3E-9BA6-DFF7E51EF069}"
EndProject
Global
	GlobalSection(SolutionConfigurationPlatforms) = preSolution
		Debug|Any CPU = Debug|Any CPU
		Release|Any CPU = Release|Any CPU
	EndGlobalSection
	GlobalSection(ProjectConfigurationPlatforms) = postSolution
		{A65621F4-3572-4A3E-9BA6-DFF7E51EF069}.Debug|Any CPU.ActiveCfg = Debug|Any CPU
		{A65621F4-3572-4A3E-9BA6-DFF7E51EF069}.Debug|Any CPU.Build.0 = Debug|Any CPU
		{A65621F4-3572-4A3E-9BA6-DFF7E51EF069}.Release|Any CPU.ActiveCfg = Release|Any CPU
		{A65621F4-3572-4A3E-9BA6-DFF7E51EF069}.Release|Any CPU.Build.0 = Release|Any CPU
	EndGlobalSection
	GlobalSection(SolutionProperties) = preSolution
		HideSolutionNode = FALSE
	EndGlobalSection
	GlobalSection(ExtensibilityGlobals) = postSolution
		SolutionGuid = {27DD9D81-7368-47E2-9027-DA9D8A5E9EBC}
	EndGlobalSection
EndGlobal
